
Microsoft Visual Studio Solution File, Format Version 12.00
# Visual Studio Version 17
VisualStudioVersion = 17.5.2.0
MinimumVisualStudioVersion = 10.0.40219.1
Project("{FAE04EC0-301F-11D3-BF4B-00C04F79EFBC}") = "02Métodos", "02Métodos.csproj", "{B71C569E-5779-380A-7060-20D3227C6DF6}"
EndProject
Global
	GlobalSection(SolutionConfigurationPlatforms) = preSolution
		Debug|Any CPU = Debug|Any CPU
		Release|Any CPU = Release|Any CPU
	EndGlobalSection
	GlobalSection(ProjectConfigurationPlatforms) = postSolution
		{B71C569E-5779-380A-7060-20D3227C6DF6}.Debug|Any CPU.ActiveCfg = Debug|Any CPU
		{B71C569E-5779-380A-7060-20D3227C6DF6}.Debug|Any CPU.Build.0 = Debug|Any CPU
		{B71C569E-5779-380A-7060-20D3227C6DF6}.Release|Any CPU.ActiveCfg = Release|Any CPU
		{B71C569E-5779-380A-7060-20D3227C6DF6}.Release|Any CPU.Build.0 = Release|Any CPU
	EndGlobalSection
	GlobalSection(SolutionProperties) = preSolution
		HideSolutionNode = FALSE
	EndGlobalSection
	GlobalSection(ExtensibilityGlobals) = postSolution
		SolutionGuid = {236E91AE-2120-49D1-A9D5-312D2F48CED2}
	EndGlobalSection
EndGlobal
